
Microsoft Visual Studio Solution File, Format Version 12.00
# Visual Studio Version 17
VisualStudioVersion = 17.5.002.0
MinimumVisualStudioVersion = 10.0.40219.1
Project("{2150E333-8FDC-42A3-9474-1A3956D46DE8}") = "Lesson1", "Lesson1", "{DE740BC2-7731-4BF3-A7E8-278AB68D407B}"
EndProject
Project("{9A19103F-16F7-4668-BE54-9A1E7A4F7556}") = "task1", "Lesson1\Task1\task1.csproj", "{0C49150D-D0C6-4787-B758-8719C3210929}"
EndProject
Project("{9A19103F-16F7-4668-BE54-9A1E7A4F7556}") = "Task2", "Lesson1\Task2\Task2.csproj", "{827B81DD-4671-4DC1-AB23-7305EBC3C481}"
EndProject
Global
	GlobalSection(SolutionConfigurationPlatforms) = preSolution
		Debug|Any CPU = Debug|Any CPU
		Release|Any CPU = Release|Any CPU
	EndGlobalSection
	GlobalSection(ProjectConfigurationPlatforms) = postSolution
		{0C49150D-D0C6-4787-B758-8719C3210929}.Debug|Any CPU.ActiveCfg = Debug|Any CPU
		{0C49150D-D0C6-4787-B758-8719C3210929}.Debug|Any CPU.Build.0 = Debug|Any CPU
		{0C49150D-D0C6-4787-B758-8719C3210929}.Release|Any CPU.ActiveCfg = Release|Any CPU
		{0C49150D-D0C6-4787-B758-8719C3210929}.Release|Any CPU.Build.0 = Release|Any CPU
		{827B81DD-4671-4DC1-AB23-7305EBC3C481}.Debug|Any CPU.ActiveCfg = Debug|Any CPU
		{827B81DD-4671-4DC1-AB23-7305EBC3C481}.Debug|Any CPU.Build.0 = Debug|Any CPU
		{827B81DD-4671-4DC1-AB23-7305EBC3C481}.Release|Any CPU.ActiveCfg = Release|Any CPU
		{827B81DD-4671-4DC1-AB23-7305EBC3C481}.Release|Any CPU.Build.0 = Release|Any CPU
	EndGlobalSection
	GlobalSection(SolutionProperties) = preSolution
		HideSolutionNode = FALSE
	EndGlobalSection
	GlobalSection(NestedProjects) = preSolution
		{0C49150D-D0C6-4787-B758-8719C3210929} = {DE740BC2-7731-4BF3-A7E8-278AB68D407B}
		{827B81DD-4671-4DC1-AB23-7305EBC3C481} = {DE740BC2-7731-4BF3-A7E8-278AB68D407B}
	EndGlobalSection
	GlobalSection(ExtensibilityGlobals) = postSolution
		SolutionGuid = {603274A3-2CFE-40E1-B006-9350DE1D57C4}
	EndGlobalSection
EndGlobal
